
Microsoft Visual Studio Solution File, Format Version 12.00
# Visual Studio Version 16
VisualStudioVersion = 16.0.31112.23
MinimumVisualStudioVersion = 10.0.40219.1
Project("{FAE04EC0-301F-11D3-BF4B-00C04F79EFBC}") = "DSW1_EL1_GUTARRA_DIEGO", "DSW1_EL1_GUTARRA_DIEGO\DSW1_EL1_GUTARRA_DIEGO.csproj", "{88DB01E7-84DE-4914-A4F6-49FDEC551F3E}"
EndProject
Global
	GlobalSection(SolutionConfigurationPlatforms) = preSolution
		Debug|Any CPU = Debug|Any CPU
		Release|Any CPU = Release|Any CPU
	EndGlobalSection
	GlobalSection(ProjectConfigurationPlatforms) = postSolution
		{88DB01E7-84DE-4914-A4F6-49FDEC551F3E}.Debug|Any CPU.ActiveCfg = Debug|Any CPU
		{88DB01E7-84DE-4914-A4F6-49FDEC551F3E}.Debug|Any CPU.Build.0 = Debug|Any CPU
		{88DB01E7-84DE-4914-A4F6-49FDEC551F3E}.Release|Any CPU.ActiveCfg = Release|Any CPU
		{88DB01E7-84DE-4914-A4F6-49FDEC551F3E}.Release|Any CPU.Build.0 = Release|Any CPU
	EndGlobalSection
	GlobalSection(SolutionProperties) = preSolution
		HideSolutionNode = FALSE
	EndGlobalSection
	GlobalSection(ExtensibilityGlobals) = postSolution
		SolutionGuid = {6C3FCC8D-1397-4835-9A76-8CF9DB85FD73}
	EndGlobalSection
EndGlobal
